
Microsoft Visual Studio Solution File, Format Version 12.00
# Visual Studio Version 16
VisualStudioVersion = 16.0.32002.261
MinimumVisualStudioVersion = 10.0.40219.1
Project("{9A19103F-16F7-4668-BE54-9A1E7A4F7556}") = "Mission7", "Mission7\Mission7.csproj", "{F718EAE0-5AB7-45BE-9094-75D1F0883C25}"
EndProject
Global
	GlobalSection(SolutionConfigurationPlatforms) = preSolution
		Debug|Any CPU = Debug|Any CPU
		Release|Any CPU = Release|Any CPU
	EndGlobalSection
	GlobalSection(ProjectConfigurationPlatforms) = postSolution
		{F718EAE0-5AB7-45BE-9094-75D1F0883C25}.Debug|Any CPU.ActiveCfg = Debug|Any CPU
		{F718EAE0-5AB7-45BE-9094-75D1F0883C25}.Debug|Any CPU.Build.0 = Debug|Any CPU
		{F718EAE0-5AB7-45BE-9094-75D1F0883C25}.Release|Any CPU.ActiveCfg = Release|Any CPU
		{F718EAE0-5AB7-45BE-9094-75D1F0883C25}.Release|Any CPU.Build.0 = Release|Any CPU
	EndGlobalSection
	GlobalSection(SolutionProperties) = preSolution
		HideSolutionNode = FALSE
	EndGlobalSection
	GlobalSection(ExtensibilityGlobals) = postSolution
		SolutionGuid = {89703EBE-48C4-4458-AF26-7D7C8250CF07}
	EndGlobalSection
EndGlobal
